
Microsoft Visual Studio Solution File, Format Version 12.00
# Visual Studio Version 17
VisualStudioVersion = 17.5.33516.290
MinimumVisualStudioVersion = 10.0.40219.1
Project("{9A19103F-16F7-4668-BE54-9A1E7A4F7556}") = "ParcialTema2.Consola", "ParcialTema2.Consola\ParcialTema2.Consola.csproj", "{C81840F5-6EC1-4BB0-8853-6CD7AE836AE0}"
EndProject
Project("{FAE04EC0-301F-11D3-BF4B-00C04F79EFBC}") = "ParcialTema2.winodows", "ParcialTema2.winodows\ParcialTema2.winodows.csproj", "{BCF17AC0-23BF-4B5B-B7C5-9375F587A405}"
EndProject
Global
	GlobalSection(SolutionConfigurationPlatforms) = preSolution
		Debug|Any CPU = Debug|Any CPU
		Release|Any CPU = Release|Any CPU
	EndGlobalSection
	GlobalSection(ProjectConfigurationPlatforms) = postSolution
		{C81840F5-6EC1-4BB0-8853-6CD7AE836AE0}.Debug|Any CPU.ActiveCfg = Debug|Any CPU
		{C81840F5-6EC1-4BB0-8853-6CD7AE836AE0}.Debug|Any CPU.Build.0 = Debug|Any CPU
		{C81840F5-6EC1-4BB0-8853-6CD7AE836AE0}.Release|Any CPU.ActiveCfg = Release|Any CPU
		{C81840F5-6EC1-4BB0-8853-6CD7AE836AE0}.Release|Any CPU.Build.0 = Release|Any CPU
		{BCF17AC0-23BF-4B5B-B7C5-9375F587A405}.Debug|Any CPU.ActiveCfg = Debug|Any CPU
		{BCF17AC0-23BF-4B5B-B7C5-9375F587A405}.Debug|Any CPU.Build.0 = Debug|Any CPU
		{BCF17AC0-23BF-4B5B-B7C5-9375F587A405}.Release|Any CPU.ActiveCfg = Release|Any CPU
		{BCF17AC0-23BF-4B5B-B7C5-9375F587A405}.Release|Any CPU.Build.0 = Release|Any CPU
	EndGlobalSection
	GlobalSection(SolutionProperties) = preSolution
		HideSolutionNode = FALSE
	EndGlobalSection
	GlobalSection(ExtensibilityGlobals) = postSolution
		SolutionGuid = {BB49BB2F-A3F3-4998-A4FE-07CB1BCBDDD9}
	EndGlobalSection
EndGlobal
